
Microsoft Visual Studio Solution File, Format Version 12.00
# Visual Studio 15
VisualStudioVersion = 15.0.28307.489
MinimumVisualStudioVersion = 10.0.40219.1
Project("{FAE04EC0-301F-11D3-BF4B-00C04F79EFBC}") = "ConsoleRunCalculator", "ConsoleRunCalculator\ConsoleRunCalculator.csproj", "{417090D0-B0F5-4DBB-90F1-6E75EBA13738}"
EndProject
Global
	GlobalSection(SolutionConfigurationPlatforms) = preSolution
		Debug|Any CPU = Debug|Any CPU
		Release|Any CPU = Release|Any CPU
	EndGlobalSection
	GlobalSection(ProjectConfigurationPlatforms) = postSolution
		{417090D0-B0F5-4DBB-90F1-6E75EBA13738}.Debug|Any CPU.ActiveCfg = Debug|Any CPU
		{417090D0-B0F5-4DBB-90F1-6E75EBA13738}.Debug|Any CPU.Build.0 = Debug|Any CPU
		{417090D0-B0F5-4DBB-90F1-6E75EBA13738}.Release|Any CPU.ActiveCfg = Release|Any CPU
		{417090D0-B0F5-4DBB-90F1-6E75EBA13738}.Release|Any CPU.Build.0 = Release|Any CPU
	EndGlobalSection
	GlobalSection(SolutionProperties) = preSolution
		HideSolutionNode = FALSE
	EndGlobalSection
	GlobalSection(ExtensibilityGlobals) = postSolution
		SolutionGuid = {2A7FC29A-2917-4E0C-8416-59A0EFE2F31A}
	EndGlobalSection
EndGlobal
